
Microsoft Visual Studio Solution File, Format Version 12.00
# Visual Studio 14
VisualStudioVersion = 14.0.24720.0
MinimumVisualStudioVersion = 10.0.40219.1
Project("{FAE04EC0-301F-11D3-BF4B-00C04F79EFBC}") = "GitEx1Vs2015", "GitEx1Vs2015\GitEx1Vs2015.csproj", "{0B091F51-E8A9-4484-8A30-C2A82001BB29}"
EndProject
Project("{FAE04EC0-301F-11D3-BF4B-00C04F79EFBC}") = "GitEx1Vs2015.Tests", "GitEx1Vs2015.Tests\GitEx1Vs2015.Tests.csproj", "{53024811-47ED-4799-894A-A744BC71AE8F}"
EndProject
Global
	GlobalSection(SolutionConfigurationPlatforms) = preSolution
		Debug|Any CPU = Debug|Any CPU
		Release|Any CPU = Release|Any CPU
	EndGlobalSection
	GlobalSection(ProjectConfigurationPlatforms) = postSolution
		{0B091F51-E8A9-4484-8A30-C2A82001BB29}.Debug|Any CPU.ActiveCfg = Debug|Any CPU
		{0B091F51-E8A9-4484-8A30-C2A82001BB29}.Debug|Any CPU.Build.0 = Debug|Any CPU
		{0B091F51-E8A9-4484-8A30-C2A82001BB29}.Release|Any CPU.ActiveCfg = Release|Any CPU
		{0B091F51-E8A9-4484-8A30-C2A82001BB29}.Release|Any CPU.Build.0 = Release|Any CPU
		{53024811-47ED-4799-894A-A744BC71AE8F}.Debug|Any CPU.ActiveCfg = Debug|Any CPU
		{53024811-47ED-4799-894A-A744BC71AE8F}.Debug|Any CPU.Build.0 = Debug|Any CPU
		{53024811-47ED-4799-894A-A744BC71AE8F}.Release|Any CPU.ActiveCfg = Release|Any CPU
		{53024811-47ED-4799-894A-A744BC71AE8F}.Release|Any CPU.Build.0 = Release|Any CPU
	EndGlobalSection
	GlobalSection(SolutionProperties) = preSolution
		HideSolutionNode = FALSE
	EndGlobalSection
EndGlobal
